dependencies:
  espressif/esp_websocket_client:
    component_hash: c5a067a9fddea370c478017e66fac302f4b79c3d4027e9bdd42a019786cceb92
    dependencies:
    - name: idf
      require: private
      version: '>=5.0'
    source:
      registry_url: https://components.espressif.com/
      type: service
    version: 1.6.1
  idf:
    source:
      type: idf
    version: 6.0.1
direct_dependencies:
- espressif/esp_websocket_client
- idf
manifest_hash: 1b24ff749ff72c5a3c4fa3de0e1497b68b19db8ea59095660b18daa75bf91918
target: esp32
version: 3.0.0
